
Microsoft Visual Studio Solution File, Format Version 12.00
# Visual Studio Version 17
VisualStudioVersion = 17.0.31912.275
MinimumVisualStudioVersion = 10.0.40219.1
Project("{FAE04EC0-301F-11D3-BF4B-00C04F79EFBC}") = "WebApplication18", "WebApplication18\WebApplication18.csproj", "{56DAFF68-5511-4B98-A728-487C24696061}"
EndProject
Global
	GlobalSection(SolutionConfigurationPlatforms) = preSolution
		Debug|Any CPU = Debug|Any CPU
		Release|Any CPU = Release|Any CPU
	EndGlobalSection
	GlobalSection(ProjectConfigurationPlatforms) = postSolution
		{56DAFF68-5511-4B98-A728-487C24696061}.Debug|Any CPU.ActiveCfg = Debug|Any CPU
		{56DAFF68-5511-4B98-A728-487C24696061}.Debug|Any CPU.Build.0 = Debug|Any CPU
		{56DAFF68-5511-4B98-A728-487C24696061}.Release|Any CPU.ActiveCfg = Release|Any CPU
		{56DAFF68-5511-4B98-A728-487C24696061}.Release|Any CPU.Build.0 = Release|Any CPU
	EndGlobalSection
	GlobalSection(SolutionProperties) = preSolution
		HideSolutionNode = FALSE
	EndGlobalSection
	GlobalSection(ExtensibilityGlobals) = postSolution
		SolutionGuid = {62CAA74D-2206-4015-90F4-8F3FCB95CBF0}
	EndGlobalSection
EndGlobal
